
Microsoft Visual Studio Solution File, Format Version 12.00
# Visual Studio Version 17
VisualStudioVersion = 17.6.33712.159
MinimumVisualStudioVersion = 10.0.40219.1
Project("{FAE04EC0-301F-11D3-BF4B-00C04F79EFBC}") = "Battleship.WebApi", "Battleship.WebApi\Battleship.WebApi.csproj", "{BEF7A7E5-B8D0-4133-9EC7-C9D3642B31F9}"
EndProject
Global
	GlobalSection(SolutionConfigurationPlatforms) = preSolution
		Debug|Any CPU = Debug|Any CPU
		Release|Any CPU = Release|Any CPU
	EndGlobalSection
	GlobalSection(ProjectConfigurationPlatforms) = postSolution
		{BEF7A7E5-B8D0-4133-9EC7-C9D3642B31F9}.Debug|Any CPU.ActiveCfg = Debug|Any CPU
		{BEF7A7E5-B8D0-4133-9EC7-C9D3642B31F9}.Debug|Any CPU.Build.0 = Debug|Any CPU
		{BEF7A7E5-B8D0-4133-9EC7-C9D3642B31F9}.Release|Any CPU.ActiveCfg = Release|Any CPU
		{BEF7A7E5-B8D0-4133-9EC7-C9D3642B31F9}.Release|Any CPU.Build.0 = Release|Any CPU
	EndGlobalSection
	GlobalSection(SolutionProperties) = preSolution
		HideSolutionNode = FALSE
	EndGlobalSection
	GlobalSection(ExtensibilityGlobals) = postSolution
		SolutionGuid = {1DCBC617-96A0-45A0-A571-F78E3EADCF15}
	EndGlobalSection
EndGlobal
